// !$*UTF8*$!
{
	archiveVersion = 1;
	classes = {
	};
	objectVersion = 46;
	objects = {

/* Begin PBXBuildFile section */
		217D26361BC79A0E005C38C9 /* main.m in Sources */ = {isa = PBXBuildFile; fileRef = 217D26351BC79A0E005C38C9 /* main.m */; };
		217D26391BC79A0E005C38C9 /* AppDelegate.m in Sources */ = {isa = PBXBuildFile; fileRef = 217D26381BC79A0E005C38C9 /* AppDelegate.m */; };
		217D263C1BC79A0E005C38C9 /* ViewController.m in Sources */ = {isa = PBXBuildFile; fileRef = 217D263B1BC79A0E005C38C9 /* ViewController.m */; };
		217D263F1BC79A0E005C38C9 /* Main.storyboard in Resources */ = {isa = PBXBuildFile; fileRef = 217D263D1BC79A0E005C38C9 /* Main.storyboard */; };
		217D26411BC79A0E005C38C9 /* Assets.xcassets in Resources */ = {isa = PBXBuildFile; fileRef = 217D26401BC79A0E005C38C9 /* Assets.xcassets */; };
		217D26441BC79A0E005C38C9 /* LaunchScreen.storyboard in Resources */ = {isa = PBXBuildFile; fileRef = 217D26421BC79A0E005C38C9 /* LaunchScreen.storyboard */; };
		217D264F1BC79A0F005C38C9 /* L2Tests.mm in Sources */ = {isa = PBXBuildFile; fileRef = 217D264E1BC79A0F005C38C9 /* L2Tests.mm */; };
		217D265C1BC7A263005C38C9 /* PFYNode.m in Sources */ = {isa = PBXBuildFile; fileRef = 217D265B1BC7A263005C38C9 /* PFYNode.m */; settings = {ASSET_TAGS = (); }; };
		217D265D1BC7A263005C38C9 /* PFYNode.m in Sources */ = {isa = PBXBuildFile; fileRef = 217D265B1BC7A263005C38C9 /* PFYNode.m */; settings = {ASSET_TAGS = (); }; };
		217D26601BC7A597005C38C9 /* PFYDirectoryNode.m in Sources */ = {isa = PBXBuildFile; fileRef = 217D265F1BC7A597005C38C9 /* PFYDirectoryNode.m */; settings = {ASSET_TAGS = (); }; };
		217D26611BC7A597005C38C9 /* PFYDirectoryNode.m in Sources */ = {isa = PBXBuildFile; fileRef = 217D265F1BC7A597005C38C9 /* PFYDirectoryNode.m */; settings = {ASSET_TAGS = (); }; };
		24F2F7D2CDA219F905776930 /* libPods-L2Tests.a in Frameworks */ = {isa = PBXBuildFile; fileRef = AB3E74D73DA7E94988B87AC7 /* libPods-L2Tests.a */; };
		BC982A89B2633A59EFC65DF5 /* libPods-L2.a in Frameworks */ = {isa = PBXBuildFile; fileRef = 2ED28EE66E46A126A29E77CE /* libPods-L2.a */; };
/* End PBXBuildFile section */

/* Begin PBXContainerItemProxy section */
		217D264B1BC79A0F005C38C9 /* PBXContainerItemProxy */ = {
			isa = PBXContainerItemProxy;
			containerPortal = 217D26291BC79A0E005C38C9 /* Project object */;
			proxyType = 1;
			remoteGlobalIDString = 217D26301BC79A0E005C38C9;
			remoteInfo = L2;
		};
/* End PBXContainerItemProxy section */

/* Begin PBXFileReference section */
		217D26311BC79A0E005C38C9 /* L2.app */ = {isa = PBXFileReference; explicitFileType = wrapper.application; includeInIndex = 0; path = L2.app; sourceTree = BUILT_PRODUCTS_DIR; };
		217D26351BC79A0E005C38C9 /* main.m */ = {isa = PBXFileReference; lastKnownFileType = sourcecode.c.objc; path = main.m; sourceTree = "<group>"; };
		217D26371BC79A0E005C38C9 /* AppDelegate.h */ = {isa = PBXFileReference; lastKnownFileType = sourcecode.c.h; path = AppDelegate.h; sourceTree = "<group>"; };
		217D26381BC79A0E005C38C9 /* AppDelegate.m */ = {isa = PBXFileReference; lastKnownFileType = sourcecode.c.objc; path = AppDelegate.m; sourceTree = "<group>"; };
		217D263A1BC79A0E005C38C9 /* ViewController.h */ = {isa = PBXFileReference; lastKnownFileType = sourcecode.c.h; path = ViewController.h; sourceTree = "<group>"; };
		217D263B1BC79A0E005C38C9 /* ViewController.m */ = {isa = PBXFileReference; lastKnownFileType = sourcecode.c.objc; path = ViewController.m; sourceTree = "<group>"; };
		217D263E1BC79A0E005C38C9 /* Base */ = {isa = PBXFileReference; lastKnownFileType = file.storyboard; name = Base; path = Base.lproj/Main.storyboard; sourceTree = "<group>"; };
		217D26401BC79A0E005C38C9 /* Assets.xcassets */ = {isa = PBXFileReference; lastKnownFileType = folder.assetcatalog; path = Assets.xcassets; sourceTree = "<group>"; };
		217D26431BC79A0E005C38C9 /* Base */ = {isa = PBXFileReference; lastKnownFileType = file.storyboard; name = Base; path = Base.lproj/LaunchScreen.storyboard; sourceTree = "<group>"; };
		217D26451BC79A0E005C38C9 /* Info.plist */ = {isa = PBXFileReference; lastKnownFileType = text.plist.xml; path = Info.plist; sourceTree = "<group>"; };
		217D264A1BC79A0F005C38C9 /* L2Tests.xctest */ = {isa = PBXFileReference; explicitFileType = wrapper.cfbundle; includeInIndex = 0; path = L2Tests.xctest; sourceTree = BUILT_PRODUCTS_DIR; };
		217D264E1BC79A0F005C38C9 /* L2Tests.mm */ = {isa = PBXFileReference; lastKnownFileType = sourcecode.cpp.objcpp; path = L2Tests.mm; sourceTree = "<group>"; };
		217D26501BC79A0F005C38C9 /* Info.plist */ = {isa = PBXFileReference; lastKnownFileType = text.plist.xml; path = Info.plist; sourceTree = "<group>"; };
		217D265A1BC7A263005C38C9 /* PFYNode.h */ = {isa = PBXFileReference; fileEncoding = 4; lastKnownFileType = sourcecode.c.h; path = PFYNode.h; sourceTree = "<group>"; };
		217D265B1BC7A263005C38C9 /* PFYNode.m */ = {isa = PBXFileReference; fileEncoding = 4; lastKnownFileType = sourcecode.c.objc; path = PFYNode.m; sourceTree = "<group>"; };
		217D265E1BC7A597005C38C9 /* PFYDirectoryNode.h */ = {isa = PBXFileReference; fileEncoding = 4; lastKnownFileType = sourcecode.c.h; path = PFYDirectoryNode.h; sourceTree = "<group>"; };
		217D265F1BC7A597005C38C9 /* PFYDirectoryNode.m */ = {isa = PBXFileReference; fileEncoding = 4; lastKnownFileType = sourcecode.c.objc; path = PFYDirectoryNode.m; sourceTree = "<group>"; };
		2ED28EE66E46A126A29E77CE /* libPods-L2.a */ = {isa = PBXFileReference; explicitFileType = archive.ar; includeInIndex = 0; path = "libPods-L2.a"; sourceTree = BUILT_PRODUCTS_DIR; };
		42D412A665E77098FFE27589 /* Pods-L2Tests.debug.xcconfig */ = {isa = PBXFileReference; includeInIndex = 1; lastKnownFileType = text.xcconfig; name = "Pods-L2Tests.debug.xcconfig"; path = "Pods/Target Support Files/Pods-L2Tests/Pods-L2Tests.debug.xcconfig"; sourceTree = "<group>"; };
		63ECEAC2AECDDD910D7BE16E /* Pods-L2Tests.release.xcconfig */ = {isa = PBXFileReference; includeInIndex = 1; lastKnownFileType = text.xcconfig; name = "Pods-L2Tests.release.xcconfig"; path = "Pods/Target Support Files/Pods-L2Tests/Pods-L2Tests.release.xcconfig"; sourceTree = "<group>"; };
		810ED4862F1C61152E5E4C0E /* Pods-L2.release.xcconfig */ = {isa = PBXFileReference; includeInIndex = 1; lastKnownFileType = text.xcconfig; name = "Pods-L2.release.xcconfig"; path = "Pods/Target Support Files/Pods-L2/Pods-L2.release.xcconfig"; sourceTree = "<group>"; };
		AB3E74D73DA7E94988B87AC7 /* libPods-L2Tests.a */ = {isa = PBXFileReference; explicitFileType = archive.ar; includeInIndex = 0; path = "libPods-L2Tests.a"; sourceTree = BUILT_PRODUCTS_DIR; };
		F4B2900C166673243C16485D /* Pods-L2.debug.xcconfig */ = {isa = PBXFileReference; includeInIndex = 1; lastKnownFileType = text.xcconfig; name = "Pods-L2.debug.xcconfig"; path = "Pods/Target Support Files/Pods-L2/Pods-L2.debug.xcconfig"; sourceTree = "<group>"; };
/* End PBXFileReference section */

/* Begin PBXFrameworksBuildPhase section */
		217D262E1BC79A0E005C38C9 /* Frameworks */ = {
			isa = PBXFrameworksBuildPhase;
			buildActionMask = 2147483647;
			files = (
				BC982A89B2633A59EFC65DF5 /* libPods-L2.a in Frameworks */,
			);
			runOnlyForDeploymentPostprocessing = 0;
		};
		217D26471BC79A0F005C38C9 /* Frameworks */ = {
			isa = PBXFrameworksBuildPhase;
			buildActionMask = 2147483647;
			files = (
				24F2F7D2CDA219F905776930 /* libPods-L2Tests.a in Frameworks */,
			);
			runOnlyForDeploymentPostprocessing = 0;
		};
/* End PBXFrameworksBuildPhase section */

/* Begin PBXGroup section */
		217D26281BC79A0E005C38C9 = {
			isa = PBXGroup;
			children = (
				217D26331BC79A0E005C38C9 /* L2 */,
				217D264D1BC79A0F005C38C9 /* L2Tests */,
				217D26321BC79A0E005C38C9 /* Products */,
				40C5672BA462AD7E7507FEA7 /* Pods */,
				DCA9EAE40AA4171B1A88F225 /* Frameworks */,
			);
			sourceTree = "<group>";
		};
		217D26321BC79A0E005C38C9 /* Products */ = {
			isa = PBXGroup;
			children = (
				217D26311BC79A0E005C38C9 /* L2.app */,
				217D264A1BC79A0F005C38C9 /* L2Tests.xctest */,
			);
			name = Products;
			sourceTree = "<group>";
		};
		217D26331BC79A0E005C38C9 /* L2 */ = {
			isa = PBXGroup;
			children = (
				217D26591BC7A24B005C38C9 /* Domain */,
				217D26371BC79A0E005C38C9 /* AppDelegate.h */,
				217D26381BC79A0E005C38C9 /* AppDelegate.m */,
				217D263A1BC79A0E005C38C9 /* ViewController.h */,
				217D263B1BC79A0E005C38C9 /* ViewController.m */,
				217D263D1BC79A0E005C38C9 /* Main.storyboard */,
				217D26401BC79A0E005C38C9 /* Assets.xcassets */,
				217D26421BC79A0E005C38C9 /* LaunchScreen.storyboard */,
				217D26451BC79A0E005C38C9 /* Info.plist */,
				217D26341BC79A0E005C38C9 /* Supporting Files */,
			);
			path = L2;
			sourceTree = "<group>";
		};
		217D26341BC79A0E005C38C9 /* Supporting Files */ = {
			isa = PBXGroup;
			children = (
				217D26351BC79A0E005C38C9 /* main.m */,
			);
			name = "Supporting Files";
			sourceTree = "<group>";
		};
		217D264D1BC79A0F005C38C9 /* L2Tests */ = {
			isa = PBXGroup;
			children = (
				217D264E1BC79A0F005C38C9 /* L2Tests.mm */,
				217D26501BC79A0F005C38C9 /* Info.plist */,
			);
			path = L2Tests;
			sourceTree = "<group>";
		};
		217D26591BC7A24B005C38C9 /* Domain */ = {
			isa = PBXGroup;
			children = (
				217D265A1BC7A263005C38C9 /* PFYNode.h */,
				217D265B1BC7A263005C38C9 /* PFYNode.m */,
				217D265E1BC7A597005C38C9 /* PFYDirectoryNode.h */,
				217D265F1BC7A597005C38C9 /* PFYDirectoryNode.m */,
			);
			path = Domain;
			sourceTree = "<group>";
		};
		40C5672BA462AD7E7507FEA7 /* Pods */ = {
			isa = PBXGroup;
			children = (
				F4B2900C166673243C16485D /* Pods-L2.debug.xcconfig */,
				810ED4862F1C61152E5E4C0E /* Pods-L2.release.xcconfig */,
				42D412A665E77098FFE27589 /* Pods-L2Tests.debug.xcconfig */,
				63ECEAC2AECDDD910D7BE16E /* Pods-L2Tests.release.xcconfig */,
			);
			name = Pods;
			sourceTree = "<group>";
		};
		DCA9EAE40AA4171B1A88F225 /* Frameworks */ = {
			isa = PBXGroup;
			children = (
				2ED28EE66E46A126A29E77CE /* libPods-L2.a */,
				AB3E74D73DA7E94988B87AC7 /* libPods-L2Tests.a */,
			);
			name = Frameworks;
			sourceTree = "<group>";
		};
/* End PBXGroup section */

/* Begin PBXNativeTarget section */
		217D26301BC79A0E005C38C9 /* L2 */ = {
			isa = PBXNativeTarget;
			buildConfigurationList = 217D26531BC79A0F005C38C9 /* Build configuration list for PBXNativeTarget "L2" */;
			buildPhases = (
				0E1BBA9C7FAF18EABCDEF1D0 /* Check Pods Manifest.lock */,
				217D262D1BC79A0E005C38C9 /* Sources */,
				217D262E1BC79A0E005C38C9 /* Frameworks */,
				217D262F1BC79A0E005C38C9 /* Resources */,
				AD9A8B7A91CE3492D319F388 /* Copy Pods Resources */,
			);
			buildRules = (
			);
			dependencies = (
			);
			name = L2;
			productName = L2;
			productReference = 217D26311BC79A0E005C38C9 /* L2.app */;
			productType = "com.apple.product-type.application";
		};
		217D26491BC79A0F005C38C9 /* L2Tests */ = {
			isa = PBXNativeTarget;
			buildConfigurationList = 217D26561BC79A0F005C38C9 /* Build configuration list for PBXNativeTarget "L2Tests" */;
			buildPhases = (
				51DA4094C2A0AB77EC907DE5 /* Check Pods Manifest.lock */,
				217D26461BC79A0F005C38C9 /* Sources */,
				217D26471BC79A0F005C38C9 /* Frameworks */,
				217D26481BC79A0F005C38C9 /* Resources */,
				478ACB4F68BBA35D2E724B79 /* Copy Pods Resources */,
			);
			buildRules = (
			);
			dependencies = (
				217D264C1BC79A0F005C38C9 /* PBXTargetDependency */,
			);
			name = L2Tests;
			productName = L2Tests;
			productReference = 217D264A1BC79A0F005C38C9 /* L2Tests.xctest */;
			productType = "com.apple.product-type.bundle.unit-test";
		};
/* End PBXNativeTarget section */

/* Begin PBXProject section */
		217D26291BC79A0E005C38C9 /* Project object */ = {
			isa = PBXProject;
			attributes = {
				LastUpgradeCheck = 0700;
				ORGANIZATIONNAME = "Pavel Osipov";
				TargetAttributes = {
					217D26301BC79A0E005C38C9 = {
						CreatedOnToolsVersion = 7.0;
					};
					217D26491BC79A0F005C38C9 = {
						CreatedOnToolsVersion = 7.0;
					};
				};
			};
			buildConfigurationList = 217D262C1BC79A0E005C38C9 /* Build configuration list for PBXProject "L2" */;
			compatibilityVersion = "Xcode 3.2";
			developmentRegion = English;
			hasScannedForEncodings = 0;
			knownRegions = (
				en,
				Base,
			);
			mainGroup = 217D26281BC79A0E005C38C9;
			productRefGroup = 217D26321BC79A0E005C38C9 /* Products */;
			projectDirPath = "";
			projectRoot = "";
			targets = (
				217D26301BC79A0E005C38C9 /* L2 */,
				217D26491BC79A0F005C38C9 /* L2Tests */,
			);
		};
/* End PBXProject section */

/* Begin PBXResourcesBuildPhase section */
		217D262F1BC79A0E005C38C9 /* Resources */ = {
			isa = PBXResourcesBuildPhase;
			buildActionMask = 2147483647;
			files = (
				217D26441BC79A0E005C38C9 /* LaunchScreen.storyboard in Resources */,
				217D26411BC79A0E005C38C9 /* Assets.xcassets in Resources */,
				217D263F1BC79A0E005C38C9 /* Main.storyboard in Resources */,
			);
			runOnlyForDeploymentPostprocessing = 0;
		};
		217D26481BC79A0F005C38C9 /* Resources */ = {
			isa = PBXResourcesBuildPhase;
			buildActionMask = 2147483647;
			files = (
			);
			runOnlyForDeploymentPostprocessing = 0;
		};
/* End PBXResourcesBuildPhase section */

/* Begin PBXShellScriptBuildPhase section */
		0E1BBA9C7FAF18EABCDEF1D0 /* Check Pods Manifest.lock */ = {
			isa = PBXShellScriptBuildPhase;
			buildActionMask = 2147483647;
			files = (
			);
			inputPaths = (
			);
			name = "Check Pods Manifest.lock";
			outputPaths = (
			);
			runOnlyForDeploymentPostprocessing = 0;
			shellPath = /bin/sh;
			shellScript = "diff \"${PODS_ROOT}/../Podfile.lock\" \"${PODS_ROOT}/Manifest.lock\" > /dev/null\nif [[ $? != 0 ]] ; then\n    cat << EOM\nerror: The sandbox is not in sync with the Podfile.lock. Run 'pod install' or update your CocoaPods installation.\nEOM\n    exit 1\nfi\n";
			showEnvVarsInLog = 0;
		};
		478ACB4F68BBA35D2E724B79 /* Copy Pods Resources */ = {
			isa = PBXShellScriptBuildPhase;
			buildActionMask = 2147483647;
			files = (
			);
			inputPaths = (
			);
			name = "Copy Pods Resources";
			outputPaths = (
			);
			runOnlyForDeploymentPostprocessing = 0;
			shellPath = /bin/sh;
			shellScript = "\"${SRCROOT}/Pods/Target Support Files/Pods-L2Tests/Pods-L2Tests-resources.sh\"\n";
			showEnvVarsInLog = 0;
		};
		51DA4094C2A0AB77EC907DE5 /* Check Pods Manifest.lock */ = {
			isa = PBXShellScriptBuildPhase;
			buildActionMask = 2147483647;
			files = (
			);
			inputPaths = (
			);
			name = "Check Pods Manifest.lock";
			outputPaths = (
			);
			runOnlyForDeploymentPostprocessing = 0;
			shellPath = /bin/sh;
			shellScript = "diff \"${PODS_ROOT}/../Podfile.lock\" \"${PODS_ROOT}/Manifest.lock\" > /dev/null\nif [[ $? != 0 ]] ; then\n    cat << EOM\nerror: The sandbox is not in sync with the Podfile.lock. Run 'pod install' or update your CocoaPods installation.\nEOM\n    exit 1\nfi\n";
			showEnvVarsInLog = 0;
		};
		AD9A8B7A91CE3492D319F388 /* Copy Pods Resources */ = {
			isa = PBXShellScriptBuildPhase;
			buildActionMask = 2147483647;
			files = (
			);
			inputPaths = (
			);
			name = "Copy Pods Resources";
			outputPaths = (
			);
			runOnlyForDeploymentPostprocessing = 0;
			shellPath = /bin/sh;
			shellScript = "\"${SRCROOT}/Pods/Target Support Files/Pods-L2/Pods-L2-resources.sh\"\n";
			showEnvVarsInLog = 0;
		};
/* End PBXShellScriptBuildPhase section */

/* Begin PBXSourcesBuildPhase section */
		217D262D1BC79A0E005C38C9 /* Sources */ = {
			isa = PBXSourcesBuildPhase;
			buildActionMask = 2147483647;
			files = (
				217D263C1BC79A0E005C38C9 /* ViewController.m in Sources */,
				217D265C1BC7A263005C38C9 /* PFYNode.m in Sources */,
				217D26391BC79A0E005C38C9 /* AppDelegate.m in Sources */,
				217D26601BC7A597005C38C9 /* PFYDirectoryNode.m in Sources */,
				217D26361BC79A0E005C38C9 /* main.m in Sources */,
			);
			runOnlyForDeploymentPostprocessing = 0;
		};
		217D26461BC79A0F005C38C9 /* Sources */ = {
			isa = PBXSourcesBuildPhase;
			buildActionMask = 2147483647;
			files = (
				217D264F1BC79A0F005C38C9 /* L2Tests.mm in Sources */,
				217D265D1BC7A263005C38C9 /* PFYNode.m in Sources */,
				217D26611BC7A597005C38C9 /* PFYDirectoryNode.m in Sources */,
			);
			runOnlyForDeploymentPostprocessing = 0;
		};
/* End PBXSourcesBuildPhase section */

/* Begin PBXTargetDependency section */
		217D264C1BC79A0F005C38C9 /* PBXTargetDependency */ = {
			isa = PBXTargetDependency;
			target = 217D26301BC79A0E005C38C9 /* L2 */;
			targetProxy = 217D264B1BC79A0F005C38C9 /* PBXContainerItemProxy */;
		};
/* End PBXTargetDependency section */

/* Begin PBXVariantGroup section */
		217D263D1BC79A0E005C38C9 /* Main.storyboard */ = {
			isa = PBXVariantGroup;
			children = (
				217D263E1BC79A0E005C38C9 /* Base */,
			);
			name = Main.storyboard;
			sourceTree = "<group>";
		};
		217D26421BC79A0E005C38C9 /* LaunchScreen.storyboard */ = {
			isa = PBXVariantGroup;
			children = (
				217D26431BC79A0E005C38C9 /* Base */,
			);
			name = LaunchScreen.storyboard;
			sourceTree = "<group>";
		};
/* End PBXVariantGroup section */

/* Begin XCBuildConfiguration section */
		217D26511BC79A0F005C38C9 /* Debug */ = {
			isa = XCBuildConfiguration;
			buildSettings = {
				ALWAYS_SEARCH_USER_PATHS = NO;
				CLANG_CXX_LANGUAGE_STANDARD = "gnu++0x";
				CLANG_CXX_LIBRARY = "libc++";
				CLANG_ENABLE_MODULES = YES;
				CLANG_ENABLE_OBJC_ARC = YES;
				CLANG_WARN_BOOL_CONVERSION = YES;
				CLANG_WARN_CONSTANT_CONVERSION = YES;
				CLANG_WARN_DIRECT_OBJC_ISA_USAGE = YES_ERROR;
				CLANG_WARN_EMPTY_BODY = YES;
				CLANG_WARN_ENUM_CONVERSION = YES;
				CLANG_WARN_INT_CONVERSION = YES;
				CLANG_WARN_OBJC_ROOT_CLASS = YES_ERROR;
				CLANG_WARN_UNREACHABLE_CODE = YES;
				CLANG_WARN__DUPLICATE_METHOD_MATCH = YES;
				"CODE_SIGN_IDENTITY[sdk=iphoneos*]" = "iPhone Developer";
				COPY_PHASE_STRIP = NO;
				DEBUG_INFORMATION_FORMAT = dwarf;
				ENABLE_STRICT_OBJC_MSGSEND = YES;
				ENABLE_TESTABILITY = YES;
				GCC_C_LANGUAGE_STANDARD = gnu99;
				GCC_DYNAMIC_NO_PIC = NO;
				GCC_NO_COMMON_BLOCKS = YES;
				GCC_OPTIMIZATION_LEVEL = 0;
				GCC_PREPROCESSOR_DEFINITIONS = (
					"DEBUG=1",
					"$(inherited)",
				);
				GCC_WARN_64_TO_32_BIT_CONVERSION = YES;
				GCC_WARN_ABOUT_RETURN_TYPE = YES_ERROR;
				GCC_WARN_UNDECLARED_SELECTOR = YES;
				GCC_WARN_UNINITIALIZED_AUTOS = YES_AGGRESSIVE;
				GCC_WARN_UNUSED_FUNCTION = YES;
				GCC_WARN_UNUSED_VARIABLE = YES;
				IPHONEOS_DEPLOYMENT_TARGET = 9.0;
				MTL_ENABLE_DEBUG_INFO = YES;
				ONLY_ACTIVE_ARCH = YES;
				SDKROOT = iphoneos;
			};
			name = Debug;
		};
		217D26521BC79A0F005C38C9 /* Release */ = {
			isa = XCBuildConfiguration;
			buildSettings = {
				ALWAYS_SEARCH_USER_PATHS = NO;
				CLANG_CXX_LANGUAGE_STANDARD = "gnu++0x";
				CLANG_CXX_LIBRARY = "libc++";
				CLANG_ENABLE_MODULES = YES;
				CLANG_ENABLE_OBJC_ARC = YES;
				CLANG_WARN_BOOL_CONVERSION = YES;
				CLANG_WARN_CONSTANT_CONVERSION = YES;
				CLANG_WARN_DIRECT_OBJC_ISA_USAGE = YES_ERROR;
				CLANG_WARN_EMPTY_BODY = YES;
				CLANG_WARN_ENUM_CONVERSION = YES;
				CLANG_WARN_INT_CONVERSION = YES;
				CLANG_WARN_OBJC_ROOT_CLASS = YES_ERROR;
				CLANG_WARN_UNREACHABLE_CODE = YES;
				CLANG_WARN__DUPLICATE_METHOD_MATCH = YES;
				"CODE_SIGN_IDENTITY[sdk=iphoneos*]" = "iPhone Developer";
				COPY_PHASE_STRIP = NO;
				DEBUG_INFORMATION_FORMAT = "dwarf-with-dsym";
				ENABLE_NS_ASSERTIONS = NO;
				ENABLE_STRICT_OBJC_MSGSEND = YES;
				GCC_C_LANGUAGE_STANDARD = gnu99;
				GCC_NO_COMMON_BLOCKS = YES;
				GCC_WARN_64_TO_32_BIT_CONVERSION = YES;
				GCC_WARN_ABOUT_RETURN_TYPE = YES_ERROR;
				GCC_WARN_UNDECLARED_SELECTOR = YES;
				GCC_WARN_UNINITIALIZED_AUTOS = YES_AGGRESSIVE;
				GCC_WARN_UNUSED_FUNCTION = YES;
				GCC_WARN_UNUSED_VARIABLE = YES;
				IPHONEOS_DEPLOYMENT_TARGET = 9.0;
				MTL_ENABLE_DEBUG_INFO = NO;
				SDKROOT = iphoneos;
				VALIDATE_PRODUCT = YES;
			};
			name = Release;
		};
		217D26541BC79A0F005C38C9 /* Debug */ = {
			isa = XCBuildConfiguration;
			baseConfigurationReference = F4B2900C166673243C16485D /* Pods-L2.debug.xcconfig */;
			buildSettings = {
				ASSETCATALOG_COMPILER_APPICON_NAME = AppIcon;
				INFOPLIST_FILE = L2/Info.plist;
				LD_RUNPATH_SEARCH_PATHS = "$(inherited) @executable_path/Frameworks";
				PRODUCT_BUNDLE_IDENTIFIER = com.github.pavelosipov.L2;
				PRODUCT_NAME = "$(TARGET_NAME)";
			};
			name = Debug;
		};
		217D26551BC79A0F005C38C9 /* Release */ = {
			isa = XCBuildConfiguration;
			baseConfigurationReference = 810ED4862F1C61152E5E4C0E /* Pods-L2.release.xcconfig */;
			buildSettings = {
				ASSETCATALOG_COMPILER_APPICON_NAME = AppIcon;
				INFOPLIST_FILE = L2/Info.plist;
				LD_RUNPATH_SEARCH_PATHS = "$(inherited) @executable_path/Frameworks";
				PRODUCT_BUNDLE_IDENTIFIER = com.github.pavelosipov.L2;
				PRODUCT_NAME = "$(TARGET_NAME)";
			};
			name = Release;
		};
		217D26571BC79A0F005C38C9 /* Debug */ = {
			isa = XCBuildConfiguration;
			baseConfigurationReference = 42D412A665E77098FFE27589 /* Pods-L2Tests.debug.xcconfig */;
			buildSettings = {
				INFOPLIST_FILE = L2Tests/Info.plist;
				LD_RUNPATH_SEARCH_PATHS = "$(inherited) @executable_path/Frameworks @loader_path/Frameworks";
				PRODUCT_BUNDLE_IDENTIFIER = com.github.pavelosipov.L2Tests;
				PRODUCT_NAME = "$(TARGET_NAME)";
			};
			name = Debug;
		};
		217D26581BC79A0F005C38C9 /* Release */ = {
			isa = XCBuildConfiguration;
			baseConfigurationReference = 63ECEAC2AECDDD910D7BE16E /* Pods-L2Tests.release.xcconfig */;
			buildSettings = {
				INFOPLIST_FILE = L2Tests/Info.plist;
				LD_RUNPATH_SEARCH_PATHS = "$(inherited) @executable_path/Frameworks @loader_path/Frameworks";
				PRODUCT_BUNDLE_IDENTIFIER = com.github.pavelosipov.L2Tests;
				PRODUCT_NAME = "$(TARGET_NAME)";
			};
			name = Release;
		};
/* End XCBuildConfiguration section */

/* Begin XCConfigurationList section */
		217D262C1BC79A0E005C38C9 /* Build configuration list for PBXProject "L2" */ = {
			isa = XCConfigurationList;
			buildConfigurations = (
				217D26511BC79A0F005C38C9 /* Debug */,
				217D26521BC79A0F005C38C9 /* Release */,
			);
			defaultConfigurationIsVisible = 0;
			defaultConfigurationName = Release;
		};
		217D26531BC79A0F005C38C9 /* Build configuration list for PBXNativeTarget "L2" */ = {
			isa = XCConfigurationList;
			buildConfigurations = (
				217D26541BC79A0F005C38C9 /* Debug */,
				217D26551BC79A0F005C38C9 /* Release */,
			);
			defaultConfigurationIsVisible = 0;
			defaultConfigurationName = Release;
		};
		217D26561BC79A0F005C38C9 /* Build configuration list for PBXNativeTarget "L2Tests" */ = {
			isa = XCConfigurationList;
			buildConfigurations = (
				217D26571BC79A0F005C38C9 /* Debug */,
				217D26581BC79A0F005C38C9 /* Release */,
			);
			defaultConfigurationIsVisible = 0;
			defaultConfigurationName = Release;
		};
/* End XCConfigurationList section */
	};
	rootObject = 217D26291BC79A0E005C38C9 /* Project object */;
}
